
Microsoft Visual Studio Solution File, Format Version 12.00
# Visual Studio Version 17
VisualStudioVersion = 17.12.35707.178
MinimumVisualStudioVersion = 10.0.40219.1
Project("{FAE04EC0-301F-11D3-BF4B-00C04F79EFBC}") = "QuickLogger", "QuickLogger\QuickLogger.csproj", "{BE7AC296-4EDE-494D-B280-0C36CEAD0F74}"
EndProject
Project("{FAE04EC0-301F-11D3-BF4B-00C04F79EFBC}") = "QuickLogger.Tests", "QuickLogger.Tests\QuickLogger.Tests.csproj", "{51D26426-7977-465B-BD5A-3053A9DD471D}"
EndProject
Project("{2150E333-8FDC-42A3-9474-1A3956D46DE8}") = ".github", ".github", "{4A335AA4-5968-4A5A-9A75-1F5A98D0DEDA}"
EndProject
Project("{2150E333-8FDC-42A3-9474-1A3956D46DE8}") = "workflows", "workflows", "{BCD7C73B-85BC-400E-98C4-6B0F80674426}"
	ProjectSection(SolutionItems) = preProject
		QuickLogger\.github\workflows\pipeline.yml = QuickLogger\.github\workflows\pipeline.yml
	EndProjectSection
EndProject
Project("{2150E333-8FDC-42A3-9474-1A3956D46DE8}") = "Elementos de la solución", "Elementos de la solución", "{66CCD57C-D1AD-4ABF-977E-B3DA6A05969E}"
	ProjectSection(SolutionItems) = preProject
		versions.json = versions.json
	EndProjectSection
EndProject
Global
	GlobalSection(SolutionConfigurationPlatforms) = preSolution
		Debug|Any CPU = Debug|Any CPU
		Debug|x64 = Debug|x64
		Debug|x86 = Debug|x86
		Release|Any CPU = Release|Any CPU
		Release|x64 = Release|x64
		Release|x86 = Release|x86
	EndGlobalSection
	GlobalSection(ProjectConfigurationPlatforms) = postSolution
		{BE7AC296-4EDE-494D-B280-0C36CEAD0F74}.Debug|Any CPU.ActiveCfg = Debug|Any CPU
		{BE7AC296-4EDE-494D-B280-0C36CEAD0F74}.Debug|Any CPU.Build.0 = Debug|Any CPU
		{BE7AC296-4EDE-494D-B280-0C36CEAD0F74}.Debug|x64.ActiveCfg = Debug|Any CPU
		{BE7AC296-4EDE-494D-B280-0C36CEAD0F74}.Debug|x64.Build.0 = Debug|Any CPU
		{BE7AC296-4EDE-494D-B280-0C36CEAD0F74}.Debug|x86.ActiveCfg = Debug|Any CPU
		{BE7AC296-4EDE-494D-B280-0C36CEAD0F74}.Debug|x86.Build.0 = Debug|Any CPU
		{BE7AC296-4EDE-494D-B280-0C36CEAD0F74}.Release|Any CPU.ActiveCfg = Release|Any CPU
		{BE7AC296-4EDE-494D-B280-0C36CEAD0F74}.Release|Any CPU.Build.0 = Release|Any CPU
		{BE7AC296-4EDE-494D-B280-0C36CEAD0F74}.Release|x64.ActiveCfg = Release|Any CPU
		{BE7AC296-4EDE-494D-B280-0C36CEAD0F74}.Release|x64.Build.0 = Release|Any CPU
		{BE7AC296-4EDE-494D-B280-0C36CEAD0F74}.Release|x86.ActiveCfg = Release|Any CPU
		{BE7AC296-4EDE-494D-B280-0C36CEAD0F74}.Release|x86.Build.0 = Release|Any CPU
		{51D26426-7977-465B-BD5A-3053A9DD471D}.Debug|Any CPU.ActiveCfg = Debug|Any CPU
		{51D26426-7977-465B-BD5A-3053A9DD471D}.Debug|Any CPU.Build.0 = Debug|Any CPU
		{51D26426-7977-465B-BD5A-3053A9DD471D}.Debug|x64.ActiveCfg = Debug|Any CPU
		{51D26426-7977-465B-BD5A-3053A9DD471D}.Debug|x64.Build.0 = Debug|Any CPU
		{51D26426-7977-465B-BD5A-3053A9DD471D}.Debug|x86.ActiveCfg = Debug|Any CPU
		{51D26426-7977-465B-BD5A-3053A9DD471D}.Debug|x86.Build.0 = Debug|Any CPU
		{51D26426-7977-465B-BD5A-3053A9DD471D}.Release|Any CPU.ActiveCfg = Release|Any CPU
		{51D26426-7977-465B-BD5A-3053A9DD471D}.Release|Any CPU.Build.0 = Release|Any CPU
		{51D26426-7977-465B-BD5A-3053A9DD471D}.Release|x64.ActiveCfg = Release|Any CPU
		{51D26426-7977-465B-BD5A-3053A9DD471D}.Release|x64.Build.0 = Release|Any CPU
		{51D26426-7977-465B-BD5A-3053A9DD471D}.Release|x86.ActiveCfg = Release|Any CPU
		{51D26426-7977-465B-BD5A-3053A9DD471D}.Release|x86.Build.0 = Release|Any CPU
	EndGlobalSection
	GlobalSection(SolutionProperties) = preSolution
		HideSolutionNode = FALSE
	EndGlobalSection
	GlobalSection(NestedProjects) = preSolution
		{BCD7C73B-85BC-400E-98C4-6B0F80674426} = {4A335AA4-5968-4A5A-9A75-1F5A98D0DEDA}
	EndGlobalSection
EndGlobal
